// !$*UTF8*$!
{
	archiveVersion = 1;
	classes = {
	};
	objectVersion = 46;
	objects = {

/* Begin PBXBuildFile section */
		296B502C179F8F9100F403BD /* UIKit.framework in Frameworks */ = {isa = PBXBuildFile; fileRef = 296B502B179F8F9100F403BD /* UIKit.framework */; };
		296B502E179F8F9100F403BD /* Foundation.framework in Frameworks */ = {isa = PBXBuildFile; fileRef = 296B502D179F8F9100F403BD /* Foundation.framework */; };
		296B5030179F8F9100F403BD /* CoreGraphics.framework in Frameworks */ = {isa = PBXBuildFile; fileRef = 296B502F179F8F9100F403BD /* CoreGraphics.framework */; };
		296B5032179F8F9100F403BD /* CoreData.framework in Frameworks */ = {isa = PBXBuildFile; fileRef = 296B5031179F8F9100F403BD /* CoreData.framework */; };
		296B5038179F8F9100F403BD /* InfoPlist.strings in Resources */ = {isa = PBXBuildFile; fileRef = 296B5036179F8F9100F403BD /* InfoPlist.strings */; };
		296B503A179F8F9100F403BD /* main.m in Sources */ = {isa = PBXBuildFile; fileRef = 296B5039179F8F9100F403BD /* main.m */; };
		296B503E179F8F9100F403BD /* DLAppDelegate.m in Sources */ = {isa = PBXBuildFile; fileRef = 296B503D179F8F9100F403BD /* DLAppDelegate.m */; };
		296B5040179F8F9100F403BD /* Default.png in Resources */ = {isa = PBXBuildFile; fileRef = 296B503F179F8F9100F403BD /* Default.png */; };
		296B5042179F8F9100F403BD /* Default@2x.png in Resources */ = {isa = PBXBuildFile; fileRef = 296B5041179F8F9100F403BD /* Default@2x.png */; };
		296B5044179F8F9100F403BD /* Default-568h@2x.png in Resources */ = {isa = PBXBuildFile; fileRef = 296B5043179F8F9100F403BD /* Default-568h@2x.png */; };
		296B5047179F8F9100F403BD /* LW.xcdatamodeld in Sources */ = {isa = PBXBuildFile; fileRef = 296B5045179F8F9100F403BD /* LW.xcdatamodeld */; };
		296B5054179F929A00F403BD /* DLRootViewController.m in Sources */ = {isa = PBXBuildFile; fileRef = 296B5052179F929A00F403BD /* DLRootViewController.m */; };
		296B5055179F929A00F403BD /* DLRootViewController.xib in Resources */ = {isa = PBXBuildFile; fileRef = 296B5053179F929A00F403BD /* DLRootViewController.xib */; };
		296B5059179F92BD00F403BD /* DLHomeViewController.m in Sources */ = {isa = PBXBuildFile; fileRef = 296B5057179F92BD00F403BD /* DLHomeViewController.m */; };
		296B505A179F92BD00F403BD /* DLHomeViewController.xib in Resources */ = {isa = PBXBuildFile; fileRef = 296B5058179F92BD00F403BD /* DLHomeViewController.xib */; };
		296B505E179F92D500F403BD /* DLSettingsViewController.m in Sources */ = {isa = PBXBuildFile; fileRef = 296B505C179F92D500F403BD /* DLSettingsViewController.m */; };
		296B505F179F92D500F403BD /* DLSettingsViewController.xib in Resources */ = {isa = PBXBuildFile; fileRef = 296B505D179F92D500F403BD /* DLSettingsViewController.xib */; };
		296B5069179FB5EF00F403BD /* MMDrawerBarButtonItem.m in Sources */ = {isa = PBXBuildFile; fileRef = 296B5062179FB5EF00F403BD /* MMDrawerBarButtonItem.m */; };
		296B506A179FB5EF00F403BD /* MMDrawerController.m in Sources */ = {isa = PBXBuildFile; fileRef = 296B5064179FB5EF00F403BD /* MMDrawerController.m */; };
		296B506B179FB5EF00F403BD /* MMDrawerVisualState.m in Sources */ = {isa = PBXBuildFile; fileRef = 296B5066179FB5EF00F403BD /* MMDrawerVisualState.m */; };
		296B506C179FB5EF00F403BD /* UIViewController+MMDrawerController.m in Sources */ = {isa = PBXBuildFile; fileRef = 296B5068179FB5EF00F403BD /* UIViewController+MMDrawerController.m */; };
		296B506E179FB8DB00F403BD /* QuartzCore.framework in Frameworks */ = {isa = PBXBuildFile; fileRef = 296B506D179FB8DB00F403BD /* QuartzCore.framework */; };
/* End PBXBuildFile section */

/* Begin PBXFileReference section */
		296B5028179F8F9100F403BD /* LW.app */ = {isa = PBXFileReference; explicitFileType = wrapper.application; includeInIndex = 0; path = LW.app; sourceTree = BUILT_PRODUCTS_DIR; };
		296B502B179F8F9100F403BD /* UIKit.framework */ = {isa = PBXFileReference; lastKnownFileType = wrapper.framework; name = UIKit.framework; path = System/Library/Frameworks/UIKit.framework; sourceTree = SDKROOT; };
		296B502D179F8F9100F403BD /* Foundation.framework */ = {isa = PBXFileReference; lastKnownFileType = wrapper.framework; name = Foundation.framework; path = System/Library/Frameworks/Foundation.framework; sourceTree = SDKROOT; };
		296B502F179F8F9100F403BD /* CoreGraphics.framework */ = {isa = PBXFileReference; lastKnownFileType = wrapper.framework; name = CoreGraphics.framework; path = System/Library/Frameworks/CoreGraphics.framework; sourceTree = SDKROOT; };
		296B5031179F8F9100F403BD /* CoreData.framework */ = {isa = PBXFileReference; lastKnownFileType = wrapper.framework; name = CoreData.framework; path = System/Library/Frameworks/CoreData.framework; sourceTree = SDKROOT; };
		296B5035179F8F9100F403BD /* LW-Info.plist */ = {isa = PBXFileReference; lastKnownFileType = text.plist.xml; path = "LW-Info.plist"; sourceTree = "<group>"; };
		296B5037179F8F9100F403BD /* en */ = {isa = PBXFileReference; lastKnownFileType = text.plist.strings; name = en; path = en.lproj/InfoPlist.strings; sourceTree = "<group>"; };
		296B5039179F8F9100F403BD /* main.m */ = {isa = PBXFileReference; lastKnownFileType = sourcecode.c.objc; path = main.m; sourceTree = "<group>"; };
		296B503B179F8F9100F403BD /* LW-Prefix.pch */ = {isa = PBXFileReference; lastKnownFileType = sourcecode.c.h; path = "LW-Prefix.pch"; sourceTree = "<group>"; };
		296B503C179F8F9100F403BD /* DLAppDelegate.h */ = {isa = PBXFileReference; lastKnownFileType = sourcecode.c.h; path = DLAppDelegate.h; sourceTree = "<group>"; };
		296B503D179F8F9100F403BD /* DLAppDelegate.m */ = {isa = PBXFileReference; lastKnownFileType = sourcecode.c.objc; path = DLAppDelegate.m; sourceTree = "<group>"; };
		296B503F179F8F9100F403BD /* Default.png */ = {isa = PBXFileReference; lastKnownFileType = image.png; path = Default.png; sourceTree = "<group>"; };
		296B5041179F8F9100F403BD /* Default@2x.png */ = {isa = PBXFileReference; lastKnownFileType = image.png; path = "Default@2x.png"; sourceTree = "<group>"; };
		296B5043179F8F9100F403BD /* Default-568h@2x.png */ = {isa = PBXFileReference; lastKnownFileType = image.png; path = "Default-568h@2x.png"; sourceTree = "<group>"; };
		296B5046179F8F9100F403BD /* LW.xcdatamodel */ = {isa = PBXFileReference; lastKnownFileType = wrapper.xcdatamodel; path = LW.xcdatamodel; sourceTree = "<group>"; };
		296B5051179F929A00F403BD /* DLRootViewController.h */ = {isa = PBXFileReference; fileEncoding = 4; lastKnownFileType = sourcecode.c.h; path = DLRootViewController.h; sourceTree = "<group>"; };
		296B5052179F929A00F403BD /* DLRootViewController.m */ = {isa = PBXFileReference; fileEncoding = 4; lastKnownFileType = sourcecode.c.objc; path = DLRootViewController.m; sourceTree = "<group>"; };
		296B5053179F929A00F403BD /* DLRootViewController.xib */ = {isa = PBXFileReference; fileEncoding = 4; lastKnownFileType = file.xib; path = DLRootViewController.xib; sourceTree = "<group>"; };
		296B5056179F92BD00F403BD /* DLHomeViewController.h */ = {isa = PBXFileReference; fileEncoding = 4; lastKnownFileType = sourcecode.c.h; path = DLHomeViewController.h; sourceTree = "<group>"; };
		296B5057179F92BD00F403BD /* DLHomeViewController.m */ = {isa = PBXFileReference; fileEncoding = 4; lastKnownFileType = sourcecode.c.objc; path = DLHomeViewController.m; sourceTree = "<group>"; };
		296B5058179F92BD00F403BD /* DLHomeViewController.xib */ = {isa = PBXFileReference; fileEncoding = 4; lastKnownFileType = file.xib; path = DLHomeViewController.xib; sourceTree = "<group>"; };
		296B505B179F92D500F403BD /* DLSettingsViewController.h */ = {isa = PBXFileReference; fileEncoding = 4; lastKnownFileType = sourcecode.c.h; path = DLSettingsViewController.h; sourceTree = "<group>"; };
		296B505C179F92D500F403BD /* DLSettingsViewController.m */ = {isa = PBXFileReference; fileEncoding = 4; lastKnownFileType = sourcecode.c.objc; path = DLSettingsViewController.m; sourceTree = "<group>"; };
		296B505D179F92D500F403BD /* DLSettingsViewController.xib */ = {isa = PBXFileReference; fileEncoding = 4; lastKnownFileType = file.xib; path = DLSettingsViewController.xib; sourceTree = "<group>"; };
		296B5061179FB5EF00F403BD /* MMDrawerBarButtonItem.h */ = {isa = PBXFileReference; fileEncoding = 4; lastKnownFileType = sourcecode.c.h; path = MMDrawerBarButtonItem.h; sourceTree = "<group>"; };
		296B5062179FB5EF00F403BD /* MMDrawerBarButtonItem.m */ = {isa = PBXFileReference; fileEncoding = 4; lastKnownFileType = sourcecode.c.objc; path = MMDrawerBarButtonItem.m; sourceTree = "<group>"; };
		296B5063179FB5EF00F403BD /* MMDrawerController.h */ = {isa = PBXFileReference; fileEncoding = 4; lastKnownFileType = sourcecode.c.h; path = MMDrawerController.h; sourceTree = "<group>"; };
		296B5064179FB5EF00F403BD /* MMDrawerController.m */ = {isa = PBXFileReference; fileEncoding = 4; lastKnownFileType = sourcecode.c.objc; path = MMDrawerController.m; sourceTree = "<group>"; };
		296B5065179FB5EF00F403BD /* MMDrawerVisualState.h */ = {isa = PBXFileReference; fileEncoding = 4; lastKnownFileType = sourcecode.c.h; path = MMDrawerVisualState.h; sourceTree = "<group>"; };
		296B5066179FB5EF00F403BD /* MMDrawerVisualState.m */ = {isa = PBXFileReference; fileEncoding = 4; lastKnownFileType = sourcecode.c.objc; path = MMDrawerVisualState.m; sourceTree = "<group>"; };
		296B5067179FB5EF00F403BD /* UIViewController+MMDrawerController.h */ = {isa = PBXFileReference; fileEncoding = 4; lastKnownFileType = sourcecode.c.h; path = "UIViewController+MMDrawerController.h"; sourceTree = "<group>"; };
		296B5068179FB5EF00F403BD /* UIViewController+MMDrawerController.m */ = {isa = PBXFileReference; fileEncoding = 4; lastKnownFileType = sourcecode.c.objc; path = "UIViewController+MMDrawerController.m"; sourceTree = "<group>"; };
		296B506D179FB8DB00F403BD /* QuartzCore.framework */ = {isa = PBXFileReference; lastKnownFileType = wrapper.framework; name = QuartzCore.framework; path = System/Library/Frameworks/QuartzCore.framework; sourceTree = SDKROOT; };
/* End PBXFileReference section */

/* Begin PBXFrameworksBuildPhase section */
		296B5025179F8F9100F403BD /* Frameworks */ = {
			isa = PBXFrameworksBuildPhase;
			buildActionMask = 2147483647;
			files = (
				296B506E179FB8DB00F403BD /* QuartzCore.framework in Frameworks */,
				296B502C179F8F9100F403BD /* UIKit.framework in Frameworks */,
				296B502E179F8F9100F403BD /* Foundation.framework in Frameworks */,
				296B5030179F8F9100F403BD /* CoreGraphics.framework in Frameworks */,
				296B5032179F8F9100F403BD /* CoreData.framework in Frameworks */,
			);
			runOnlyForDeploymentPostprocessing = 0;
		};
/* End PBXFrameworksBuildPhase section */

/* Begin PBXGroup section */
		296B501F179F8F9100F403BD = {
			isa = PBXGroup;
			children = (
				296B5033179F8F9100F403BD /* LW */,
				296B502A179F8F9100F403BD /* Frameworks */,
				296B5029179F8F9100F403BD /* Products */,
			);
			sourceTree = "<group>";
		};
		296B5029179F8F9100F403BD /* Products */ = {
			isa = PBXGroup;
			children = (
				296B5028179F8F9100F403BD /* LW.app */,
			);
			name = Products;
			sourceTree = "<group>";
		};
		296B502A179F8F9100F403BD /* Frameworks */ = {
			isa = PBXGroup;
			children = (
				296B506D179FB8DB00F403BD /* QuartzCore.framework */,
				296B502B179F8F9100F403BD /* UIKit.framework */,
				296B502D179F8F9100F403BD /* Foundation.framework */,
				296B502F179F8F9100F403BD /* CoreGraphics.framework */,
				296B5031179F8F9100F403BD /* CoreData.framework */,
			);
			name = Frameworks;
			sourceTree = "<group>";
		};
		296B5033179F8F9100F403BD /* LW */ = {
			isa = PBXGroup;
			children = (
				296B5060179FB5EF00F403BD /* MMDrawerController */,
				296B504D179F909800F403BD /* Global */,
				296B504E179F909800F403BD /* Home */,
				296B504F179F909800F403BD /* Images */,
				296B5050179F909800F403BD /* Settings */,
				296B503C179F8F9100F403BD /* DLAppDelegate.h */,
				296B503D179F8F9100F403BD /* DLAppDelegate.m */,
				296B5045179F8F9100F403BD /* LW.xcdatamodeld */,
				296B5034179F8F9100F403BD /* Supporting Files */,
			);
			path = LW;
			sourceTree = "<group>";
		};
		296B5034179F8F9100F403BD /* Supporting Files */ = {
			isa = PBXGroup;
			children = (
				296B5035179F8F9100F403BD /* LW-Info.plist */,
				296B5036179F8F9100F403BD /* InfoPlist.strings */,
				296B5039179F8F9100F403BD /* main.m */,
				296B503B179F8F9100F403BD /* LW-Prefix.pch */,
				296B503F179F8F9100F403BD /* Default.png */,
				296B5041179F8F9100F403BD /* Default@2x.png */,
				296B5043179F8F9100F403BD /* Default-568h@2x.png */,
			);
			name = "Supporting Files";
			sourceTree = "<group>";
		};
		296B504D179F909800F403BD /* Global */ = {
			isa = PBXGroup;
			children = (
				296B5051179F929A00F403BD /* DLRootViewController.h */,
				296B5052179F929A00F403BD /* DLRootViewController.m */,
				296B5053179F929A00F403BD /* DLRootViewController.xib */,
			);
			path = Global;
			sourceTree = "<group>";
		};
		296B504E179F909800F403BD /* Home */ = {
			isa = PBXGroup;
			children = (
				296B5056179F92BD00F403BD /* DLHomeViewController.h */,
				296B5057179F92BD00F403BD /* DLHomeViewController.m */,
				296B5058179F92BD00F403BD /* DLHomeViewController.xib */,
			);
			path = Home;
			sourceTree = "<group>";
		};
		296B504F179F909800F403BD /* Images */ = {
			isa = PBXGroup;
			children = (
			);
			path = Images;
			sourceTree = "<group>";
		};
		296B5050179F909800F403BD /* Settings */ = {
			isa = PBXGroup;
			children = (
				296B505B179F92D500F403BD /* DLSettingsViewController.h */,
				296B505C179F92D500F403BD /* DLSettingsViewController.m */,
				296B505D179F92D500F403BD /* DLSettingsViewController.xib */,
			);
			path = Settings;
			sourceTree = "<group>";
		};
		296B5060179FB5EF00F403BD /* MMDrawerController */ = {
			isa = PBXGroup;
			children = (
				296B5061179FB5EF00F403BD /* MMDrawerBarButtonItem.h */,
				296B5062179FB5EF00F403BD /* MMDrawerBarButtonItem.m */,
				296B5063179FB5EF00F403BD /* MMDrawerController.h */,
				296B5064179FB5EF00F403BD /* MMDrawerController.m */,
				296B5065179FB5EF00F403BD /* MMDrawerVisualState.h */,
				296B5066179FB5EF00F403BD /* MMDrawerVisualState.m */,
				296B5067179FB5EF00F403BD /* UIViewController+MMDrawerController.h */,
				296B5068179FB5EF00F403BD /* UIViewController+MMDrawerController.m */,
			);
			path = MMDrawerController;
			sourceTree = "<group>";
		};
/* End PBXGroup section */

/* Begin PBXNativeTarget section */
		296B5027179F8F9100F403BD /* LW */ = {
			isa = PBXNativeTarget;
			buildConfigurationList = 296B504A179F8F9100F403BD /* Build configuration list for PBXNativeTarget "LW" */;
			buildPhases = (
				296B5024179F8F9100F403BD /* Sources */,
				296B5025179F8F9100F403BD /* Frameworks */,
				296B5026179F8F9100F403BD /* Resources */,
			);
			buildRules = (
			);
			dependencies = (
			);
			name = LW;
			productName = LW;
			productReference = 296B5028179F8F9100F403BD /* LW.app */;
			productType = "com.apple.product-type.application";
		};
/* End PBXNativeTarget section */

/* Begin PBXProject section */
		296B5020179F8F9100F403BD /* Project object */ = {
			isa = PBXProject;
			attributes = {
				CLASSPREFIX = DL;
				LastUpgradeCheck = 0460;
				ORGANIZATIONNAME = DerickLiu;
			};
			buildConfigurationList = 296B5023179F8F9100F403BD /* Build configuration list for PBXProject "LW" */;
			compatibilityVersion = "Xcode 3.2";
			developmentRegion = English;
			hasScannedForEncodings = 0;
			knownRegions = (
				en,
			);
			mainGroup = 296B501F179F8F9100F403BD;
			productRefGroup = 296B5029179F8F9100F403BD /* Products */;
			projectDirPath = "";
			projectRoot = "";
			targets = (
				296B5027179F8F9100F403BD /* LW */,
			);
		};
/* End PBXProject section */

/* Begin PBXResourcesBuildPhase section */
		296B5026179F8F9100F403BD /* Resources */ = {
			isa = PBXResourcesBuildPhase;
			buildActionMask = 2147483647;
			files = (
				296B5038179F8F9100F403BD /* InfoPlist.strings in Resources */,
				296B5040179F8F9100F403BD /* Default.png in Resources */,
				296B5042179F8F9100F403BD /* Default@2x.png in Resources */,
				296B5044179F8F9100F403BD /* Default-568h@2x.png in Resources */,
				296B5055179F929A00F403BD /* DLRootViewController.xib in Resources */,
				296B505A179F92BD00F403BD /* DLHomeViewController.xib in Resources */,
				296B505F179F92D500F403BD /* DLSettingsViewController.xib in Resources */,
			);
			runOnlyForDeploymentPostprocessing = 0;
		};
/* End PBXResourcesBuildPhase section */

/* Begin PBXSourcesBuildPhase section */
		296B5024179F8F9100F403BD /* Sources */ = {
			isa = PBXSourcesBuildPhase;
			buildActionMask = 2147483647;
			files = (
				296B503A179F8F9100F403BD /* main.m in Sources */,
				296B503E179F8F9100F403BD /* DLAppDelegate.m in Sources */,
				296B5047179F8F9100F403BD /* LW.xcdatamodeld in Sources */,
				296B5054179F929A00F403BD /* DLRootViewController.m in Sources */,
				296B5059179F92BD00F403BD /* DLHomeViewController.m in Sources */,
				296B505E179F92D500F403BD /* DLSettingsViewController.m in Sources */,
				296B5069179FB5EF00F403BD /* MMDrawerBarButtonItem.m in Sources */,
				296B506A179FB5EF00F403BD /* MMDrawerController.m in Sources */,
				296B506B179FB5EF00F403BD /* MMDrawerVisualState.m in Sources */,
				296B506C179FB5EF00F403BD /* UIViewController+MMDrawerController.m in Sources */,
			);
			runOnlyForDeploymentPostprocessing = 0;
		};
/* End PBXSourcesBuildPhase section */

/* Begin PBXVariantGroup section */
		296B5036179F8F9100F403BD /* InfoPlist.strings */ = {
			isa = PBXVariantGroup;
			children = (
				296B5037179F8F9100F403BD /* en */,
			);
			name = InfoPlist.strings;
			sourceTree = "<group>";
		};
/* End PBXVariantGroup section */

/* Begin XCBuildConfiguration section */
		296B5048179F8F9100F403BD /* Debug */ = {
			isa = XCBuildConfiguration;
			buildSettings = {
				ALWAYS_SEARCH_USER_PATHS = NO;
				CLANG_CXX_LANGUAGE_STANDARD = "gnu++0x";
				CLANG_CXX_LIBRARY = "libc++";
				CLANG_ENABLE_OBJC_ARC = YES;
				CLANG_WARN_CONSTANT_CONVERSION = YES;
				CLANG_WARN_EMPTY_BODY = YES;
				CLANG_WARN_ENUM_CONVERSION = YES;
				CLANG_WARN_INT_CONVERSION = YES;
				CLANG_WARN__DUPLICATE_METHOD_MATCH = YES;
				"CODE_SIGN_IDENTITY[sdk=iphoneos*]" = "iPhone Developer";
				COPY_PHASE_STRIP = NO;
				GCC_C_LANGUAGE_STANDARD = gnu99;
				GCC_DYNAMIC_NO_PIC = NO;
				GCC_OPTIMIZATION_LEVEL = 0;
				GCC_PREPROCESSOR_DEFINITIONS = (
					"DEBUG=1",
					"$(inherited)",
				);
				GCC_SYMBOLS_PRIVATE_EXTERN = NO;
				GCC_WARN_ABOUT_RETURN_TYPE = YES;
				GCC_WARN_UNINITIALIZED_AUTOS = YES;
				GCC_WARN_UNUSED_VARIABLE = YES;
				IPHONEOS_DEPLOYMENT_TARGET = 6.1;
				ONLY_ACTIVE_ARCH = YES;
				SDKROOT = iphoneos;
			};
			name = Debug;
		};
		296B5049179F8F9100F403BD /* Release */ = {
			isa = XCBuildConfiguration;
			buildSettings = {
				ALWAYS_SEARCH_USER_PATHS = NO;
				CLANG_CXX_LANGUAGE_STANDARD = "gnu++0x";
				CLANG_CXX_LIBRARY = "libc++";
				CLANG_ENABLE_OBJC_ARC = YES;
				CLANG_WARN_CONSTANT_CONVERSION = YES;
				CLANG_WARN_EMPTY_BODY = YES;
				CLANG_WARN_ENUM_CONVERSION = YES;
				CLANG_WARN_INT_CONVERSION = YES;
				CLANG_WARN__DUPLICATE_METHOD_MATCH = YES;
				"CODE_SIGN_IDENTITY[sdk=iphoneos*]" = "iPhone Developer";
				COPY_PHASE_STRIP = YES;
				GCC_C_LANGUAGE_STANDARD = gnu99;
				GCC_WARN_ABOUT_RETURN_TYPE = YES;
				GCC_WARN_UNINITIALIZED_AUTOS = YES;
				GCC_WARN_UNUSED_VARIABLE = YES;
				IPHONEOS_DEPLOYMENT_TARGET = 6.1;
				OTHER_CFLAGS = "-DNS_BLOCK_ASSERTIONS=1";
				SDKROOT = iphoneos;
				VALIDATE_PRODUCT = YES;
			};
			name = Release;
		};
		296B504B179F8F9100F403BD /* Debug */ = {
			isa = XCBuildConfiguration;
			buildSettings = {
				GCC_PRECOMPILE_PREFIX_HEADER = YES;
				GCC_PREFIX_HEADER = "LW/LW-Prefix.pch";
				INFOPLIST_FILE = "LW/LW-Info.plist";
				PRODUCT_NAME = "$(TARGET_NAME)";
				WRAPPER_EXTENSION = app;
			};
			name = Debug;
		};
		296B504C179F8F9100F403BD /* Release */ = {
			isa = XCBuildConfiguration;
			buildSettings = {
				GCC_PRECOMPILE_PREFIX_HEADER = YES;
				GCC_PREFIX_HEADER = "LW/LW-Prefix.pch";
				INFOPLIST_FILE = "LW/LW-Info.plist";
				PRODUCT_NAME = "$(TARGET_NAME)";
				WRAPPER_EXTENSION = app;
			};
			name = Release;
		};
/* End XCBuildConfiguration section */

/* Begin XCConfigurationList section */
		296B5023179F8F9100F403BD /* Build configuration list for PBXProject "LW" */ = {
			isa = XCConfigurationList;
			buildConfigurations = (
				296B5048179F8F9100F403BD /* Debug */,
				296B5049179F8F9100F403BD /* Release */,
			);
			defaultConfigurationIsVisible = 0;
			defaultConfigurationName = Release;
		};
		296B504A179F8F9100F403BD /* Build configuration list for PBXNativeTarget "LW" */ = {
			isa = XCConfigurationList;
			buildConfigurations = (
				296B504B179F8F9100F403BD /* Debug */,
				296B504C179F8F9100F403BD /* Release */,
			);
			defaultConfigurationIsVisible = 0;
			defaultConfigurationName = Release;
		};
/* End XCConfigurationList section */

/* Begin XCVersionGroup section */
		296B5045179F8F9100F403BD /* LW.xcdatamodeld */ = {
			isa = XCVersionGroup;
			children = (
				296B5046179F8F9100F403BD /* LW.xcdatamodel */,
			);
			currentVersion = 296B5046179F8F9100F403BD /* LW.xcdatamodel */;
			path = LW.xcdatamodeld;
			sourceTree = "<group>";
			versionGroupType = wrapper.xcdatamodel;
		};
/* End XCVersionGroup section */
	};
	rootObject = 296B5020179F8F9100F403BD /* Project object */;
}
